// !$*UTF8*$!
{
	archiveVersion = 1;
	classes = {
	};
	objectVersion = 48;
	objects = {

/* Begin PBXBuildFile section */
		4995667B9453C32E27721C02 /* Pods_HealthSource.framework in Frameworks */ = {isa = PBXBuildFile; fileRef = F233B39594F075075E066164 /* Pods_HealthSource.framework */; };
		ADE5B739998D4DB38E373E42 /* Pods_HealthSourceTests.framework in Frameworks */ = {isa = PBXBuildFile; fileRef = 0B4DDAC0BD51CE3B1041A0C2 /* Pods_HealthSourceTests.framework */; };
		C0417CAACD1F3CAFB03F3C20 /* Pods_HealthSourceUITests.framework in Frameworks */ = {isa = PBXBuildFile; fileRef = C696D592C97558268DAEC6A5 /* Pods_HealthSourceUITests.framework */; };
		C61BAEAF1F81280800593580 /* HealthKtiManager.swift in Sources */ = {isa = PBXBuildFile; fileRef = C61BAEAE1F81280800593580 /* HealthKtiManager.swift */; };
		C61BAEB11F81348400593580 /* HealthKitManger+AllDataTypes.swift in Sources */ = {isa = PBXBuildFile; fileRef = C61BAEB01F81348400593580 /* HealthKitManger+AllDataTypes.swift */; };
		C61BAEB71F8149EF00593580 /* HealthKit.framework in Frameworks */ = {isa = PBXBuildFile; fileRef = C61BAEB61F8149EF00593580 /* HealthKit.framework */; };
		C61CBF912021E8F200CD75F1 /* Configuration.swift in Sources */ = {isa = PBXBuildFile; fileRef = C61CBF902021E8F200CD75F1 /* Configuration.swift */; };
		C61CBF922021E8F200CD75F1 /* Configuration.swift in Sources */ = {isa = PBXBuildFile; fileRef = C61CBF902021E8F200CD75F1 /* Configuration.swift */; };
		C61CBF932021E8F200CD75F1 /* Configuration.swift in Sources */ = {isa = PBXBuildFile; fileRef = C61CBF902021E8F200CD75F1 /* Configuration.swift */; };
		C61CBF942021E8F200CD75F1 /* Configuration.swift in Sources */ = {isa = PBXBuildFile; fileRef = C61CBF902021E8F200CD75F1 /* Configuration.swift */; };
		C62687A020313BB200B18AC8 /* HSAlert.swift in Sources */ = {isa = PBXBuildFile; fileRef = C626879F20313BB200B18AC8 /* HSAlert.swift */; };
		C62687A120313BB200B18AC8 /* HSAlert.swift in Sources */ = {isa = PBXBuildFile; fileRef = C626879F20313BB200B18AC8 /* HSAlert.swift */; };
		C6347F9920335C0E008F5DF6 /* ShareViewController.swift in Sources */ = {isa = PBXBuildFile; fileRef = C6347F9820335C0E008F5DF6 /* ShareViewController.swift */; };
		C6347F9E2033E00B008F5DF6 /* DropboxUploadViewController.swift in Sources */ = {isa = PBXBuildFile; fileRef = C6347F9B2033E00A008F5DF6 /* DropboxUploadViewController.swift */; };
		C6347F9F2033E00B008F5DF6 /* DropboxDownloadVIewController.swift in Sources */ = {isa = PBXBuildFile; fileRef = C6347F9D2033E00A008F5DF6 /* DropboxDownloadVIewController.swift */; };
		C659303720186DC3004FAF92 /* FileUtitlity.swift in Sources */ = {isa = PBXBuildFile; fileRef = C659303620186DC3004FAF92 /* FileUtitlity.swift */; };
		C659303820186DC3004FAF92 /* FileUtitlity.swift in Sources */ = {isa = PBXBuildFile; fileRef = C659303620186DC3004FAF92 /* FileUtitlity.swift */; };
		C66419B320175DF000EFB204 /* ShareViewController.swift in Sources */ = {isa = PBXBuildFile; fileRef = C66419B220175DF000EFB204 /* ShareViewController.swift */; };
		C66419B620175DF000EFB204 /* MainInterface.storyboard in Resources */ = {isa = PBXBuildFile; fileRef = C66419B420175DF000EFB204 /* MainInterface.storyboard */; };
		C66419BA20175DF000EFB204 /* shareExtension.appex in Embed App Extensions */ = {isa = PBXBuildFile; fileRef = C66419B020175DF000EFB204 /* shareExtension.appex */; settings = {ATTRIBUTES = (RemoveHeadersOnCopy, ); }; };
		C6780F60202F2E730072B7D0 /* HSViewController.swift in Sources */ = {isa = PBXBuildFile; fileRef = C6780F5F202F2E730072B7D0 /* HSViewController.swift */; };
		C6B785511F79739800BB33E9 /* AppDelegate.swift in Sources */ = {isa = PBXBuildFile; fileRef = C6B785501F79739800BB33E9 /* AppDelegate.swift */; };
		C6B785561F79739800BB33E9 /* Main.storyboard in Resources */ = {isa = PBXBuildFile; fileRef = C6B785541F79739800BB33E9 /* Main.storyboard */; };
		C6B785591F79739800BB33E9 /* HealthSource.xcdatamodeld in Sources */ = {isa = PBXBuildFile; fileRef = C6B785571F79739800BB33E9 /* HealthSource.xcdatamodeld */; };
		C6B7855B1F79739800BB33E9 /* Assets.xcassets in Resources */ = {isa = PBXBuildFile; fileRef = C6B7855A1F79739800BB33E9 /* Assets.xcassets */; };
		C6B7855E1F79739800BB33E9 /* LaunchScreen.storyboard in Resources */ = {isa = PBXBuildFile; fileRef = C6B7855C1F79739800BB33E9 /* LaunchScreen.storyboard */; };
		C6B785691F79739800BB33E9 /* HealthSourceTests.swift in Sources */ = {isa = PBXBuildFile; fileRef = C6B785681F79739800BB33E9 /* HealthSourceTests.swift */; };
		C6B785741F79739800BB33E9 /* HealthSourceUITests.swift in Sources */ = {isa = PBXBuildFile; fileRef = C6B785731F79739800BB33E9 /* HealthSourceUITests.swift */; };
		C6B8C22D202BE4CB00C6F5D4 /* DropBoxManager.swift in Sources */ = {isa = PBXBuildFile; fileRef = C6B8C22C202BE4CB00C6F5D4 /* DropBoxManager.swift */; };
		C6C9FE5B2030835300A0AD94 /* HSAppManager.swift in Sources */ = {isa = PBXBuildFile; fileRef = C6C9FE5A2030835300A0AD94 /* HSAppManager.swift */; };
		C6C9FE5E203084D200A0AD94 /* HSUserDefaults.swift in Sources */ = {isa = PBXBuildFile; fileRef = C6C9FE5D203084D200A0AD94 /* HSUserDefaults.swift */; };
		C6C9FE6120308A2800A0AD94 /* HSQueryAnchoreDicionary.swift in Sources */ = {isa = PBXBuildFile; fileRef = C6C9FE6020308A2800A0AD94 /* HSQueryAnchoreDicionary.swift */; };
		C6C9FE64203097D700A0AD94 /* HSPersistentStore.swift in Sources */ = {isa = PBXBuildFile; fileRef = C6C9FE63203097D700A0AD94 /* HSPersistentStore.swift */; };
		C6F1785F202EDFF1000E9275 /* HSDate.swift in Sources */ = {isa = PBXBuildFile; fileRef = C6F1785E202EDFF1000E9275 /* HSDate.swift */; };
		C6F17860202EDFF1000E9275 /* HSDate.swift in Sources */ = {isa = PBXBuildFile; fileRef = C6F1785E202EDFF1000E9275 /* HSDate.swift */; };
		C6F17862202EF37B000E9275 /* HSDateRange.swift in Sources */ = {isa = PBXBuildFile; fileRef = C6F17861202EF37B000E9275 /* HSDateRange.swift */; };
		C6F17863202EF37B000E9275 /* HSDateRange.swift in Sources */ = {isa = PBXBuildFile; fileRef = C6F17861202EF37B000E9275 /* HSDateRange.swift */; };
		C6F17866202EFA4D000E9275 /* DateRangeViewController.swift in Sources */ = {isa = PBXBuildFile; fileRef = C6F17865202EFA4D000E9275 /* DateRangeViewController.swift */; };
		C6F17867202EFA4D000E9275 /* DateRangeViewController.swift in Sources */ = {isa = PBXBuildFile; fileRef = C6F17865202EFA4D000E9275 /* DateRangeViewController.swift */; };
		C6F17870202EFD85000E9275 /* DatePickerTableViewCell.swift in Sources */ = {isa = PBXBuildFile; fileRef = C6F1786E202EFD85000E9275 /* DatePickerTableViewCell.swift */; };
		C6F17871202EFD85000E9275 /* DatePickerTableViewCell.swift in Sources */ = {isa = PBXBuildFile; fileRef = C6F1786E202EFD85000E9275 /* DatePickerTableViewCell.swift */; };
		C6F17872202EFD85000E9275 /* PickerTableViewCell.swift in Sources */ = {isa = PBXBuildFile; fileRef = C6F1786F202EFD85000E9275 /* PickerTableViewCell.swift */; };
		C6F17873202EFD85000E9275 /* PickerTableViewCell.swift in Sources */ = {isa = PBXBuildFile; fileRef = C6F1786F202EFD85000E9275 /* PickerTableViewCell.swift */; };
		CF63F0A9038DF69B58AA45AA /* Pods_shareExtension.framework in Frameworks */ = {isa = PBXBuildFile; fileRef = 47970E880A678745053F7215 /* Pods_shareExtension.framework */; };
/* End PBXBuildFile section */

/* Begin PBXContainerItemProxy section */
		C659303420186CD2004FAF92 /* PBXContainerItemProxy */ = {
			isa = PBXContainerItemProxy;
			containerPortal = C6B785451F79739800BB33E9 /* Project object */;
			proxyType = 1;
			remoteGlobalIDString = C66419AF20175DF000EFB204;
			remoteInfo = shareExtension;
		};
		C6B785651F79739800BB33E9 /* PBXContainerItemProxy */ = {
			isa = PBXContainerItemProxy;
			containerPortal = C6B785451F79739800BB33E9 /* Project object */;
			proxyType = 1;
			remoteGlobalIDString = C6B7854C1F79739800BB33E9;
			remoteInfo = HealthSource;
		};
		C6B785701F79739800BB33E9 /* PBXContainerItemProxy */ = {
			isa = PBXContainerItemProxy;
			containerPortal = C6B785451F79739800BB33E9 /* Project object */;
			proxyType = 1;
			remoteGlobalIDString = C6B7854C1F79739800BB33E9;
			remoteInfo = HealthSource;
		};
/* End PBXContainerItemProxy section */

/* Begin PBXCopyFilesBuildPhase section */
		C68F6F9D201715F2004B40B6 /* Embed App Extensions */ = {
			isa = PBXCopyFilesBuildPhase;
			buildActionMask = 2147483647;
			dstPath = "";
			dstSubfolderSpec = 13;
			files = (
				C66419BA20175DF000EFB204 /* shareExtension.appex in Embed App Extensions */,
			);
			name = "Embed App Extensions";
			runOnlyForDeploymentPostprocessing = 0;
		};
/* End PBXCopyFilesBuildPhase section */

/* Begin PBXFileReference section */
		0B4DDAC0BD51CE3B1041A0C2 /* Pods_HealthSourceTests.framework */ = {isa = PBXFileReference; explicitFileType = wrapper.framework; includeInIndex = 0; path = Pods_HealthSourceTests.framework; sourceTree = BUILT_PRODUCTS_DIR; };
		1824705FB8325B946AD8094D /* Pods-HealthSourceTests.release.xcconfig */ = {isa = PBXFileReference; includeInIndex = 1; lastKnownFileType = text.xcconfig; name = "Pods-HealthSourceTests.release.xcconfig"; path = "Pods/Target Support Files/Pods-HealthSourceTests/Pods-HealthSourceTests.release.xcconfig"; sourceTree = "<group>"; };
		357EEF37D53047FD5F71A932 /* Pods-HealthSourceUITests.release.xcconfig */ = {isa = PBXFileReference; includeInIndex = 1; lastKnownFileType = text.xcconfig; name = "Pods-HealthSourceUITests.release.xcconfig"; path = "Pods/Target Support Files/Pods-HealthSourceUITests/Pods-HealthSourceUITests.release.xcconfig"; sourceTree = "<group>"; };
		47970E880A678745053F7215 /* Pods_shareExtension.framework */ = {isa = PBXFileReference; explicitFileType = wrapper.framework; includeInIndex = 0; path = Pods_shareExtension.framework; sourceTree = BUILT_PRODUCTS_DIR; };
		568364DD0AC378E09C2C8E80 /* Pods-HealthSourceUITests.debug.xcconfig */ = {isa = PBXFileReference; includeInIndex = 1; lastKnownFileType = text.xcconfig; name = "Pods-HealthSourceUITests.debug.xcconfig"; path = "Pods/Target Support Files/Pods-HealthSourceUITests/Pods-HealthSourceUITests.debug.xcconfig"; sourceTree = "<group>"; };
		7B2B07A019F499C7D730FBD3 /* Pods-shareExtension.debug.xcconfig */ = {isa = PBXFileReference; includeInIndex = 1; lastKnownFileType = text.xcconfig; name = "Pods-shareExtension.debug.xcconfig"; path = "Pods/Target Support Files/Pods-shareExtension/Pods-shareExtension.debug.xcconfig"; sourceTree = "<group>"; };
		953AD503BDEB50CFBAEE5F6C /* Pods-HealthSource.release.xcconfig */ = {isa = PBXFileReference; includeInIndex = 1; lastKnownFileType = text.xcconfig; name = "Pods-HealthSource.release.xcconfig"; path = "Pods/Target Support Files/Pods-HealthSource/Pods-HealthSource.release.xcconfig"; sourceTree = "<group>"; };
		B8EC8D632EDAAC4CB8A002FB /* Pods-shareExtension.release.xcconfig */ = {isa = PBXFileReference; includeInIndex = 1; lastKnownFileType = text.xcconfig; name = "Pods-shareExtension.release.xcconfig"; path = "Pods/Target Support Files/Pods-shareExtension/Pods-shareExtension.release.xcconfig"; sourceTree = "<group>"; };
		BDED3DB00024057EFF1565AA /* Pods-HealthSource.debug.xcconfig */ = {isa = PBXFileReference; includeInIndex = 1; lastKnownFileType = text.xcconfig; name = "Pods-HealthSource.debug.xcconfig"; path = "Pods/Target Support Files/Pods-HealthSource/Pods-HealthSource.debug.xcconfig"; sourceTree = "<group>"; };
		C61BAEAE1F81280800593580 /* HealthKtiManager.swift */ = {isa = PBXFileReference; lastKnownFileType = sourcecode.swift; path = HealthKtiManager.swift; sourceTree = "<group>"; };
		C61BAEB01F81348400593580 /* HealthKitManger+AllDataTypes.swift */ = {isa = PBXFileReference; lastKnownFileType = sourcecode.swift; path = "HealthKitManger+AllDataTypes.swift"; sourceTree = "<group>"; };
		C61BAEB41F8149EF00593580 /* HealthSource.entitlements */ = {isa = PBXFileReference; lastKnownFileType = text.plist.entitlements; path = HealthSource.entitlements; sourceTree = "<group>"; };
		C61BAEB61F8149EF00593580 /* HealthKit.framework */ = {isa = PBXFileReference; lastKnownFileType = wrapper.framework; name = HealthKit.framework; path = System/Library/Frameworks/HealthKit.framework; sourceTree = SDKROOT; };
		C61CBF902021E8F200CD75F1 /* Configuration.swift */ = {isa = PBXFileReference; lastKnownFileType = sourcecode.swift; path = Configuration.swift; sourceTree = "<group>"; };
		C626879F20313BB200B18AC8 /* HSAlert.swift */ = {isa = PBXFileReference; lastKnownFileType = sourcecode.swift; path = HSAlert.swift; sourceTree = "<group>"; };
		C6347F9820335C0E008F5DF6 /* ShareViewController.swift */ = {isa = PBXFileReference; fileEncoding = 4; lastKnownFileType = sourcecode.swift; path = ShareViewController.swift; sourceTree = "<group>"; };
		C6347F9B2033E00A008F5DF6 /* DropboxUploadViewController.swift */ = {isa = PBXFileReference; fileEncoding = 4; lastKnownFileType = sourcecode.swift; path = DropboxUploadViewController.swift; sourceTree = "<group>"; };
		C6347F9D2033E00A008F5DF6 /* DropboxDownloadVIewController.swift */ = {isa = PBXFileReference; fileEncoding = 4; lastKnownFileType = sourcecode.swift; path = DropboxDownloadVIewController.swift; sourceTree = "<group>"; };
		C659303620186DC3004FAF92 /* FileUtitlity.swift */ = {isa = PBXFileReference; lastKnownFileType = sourcecode.swift; path = FileUtitlity.swift; sourceTree = "<group>"; };
		C66419B020175DF000EFB204 /* shareExtension.appex */ = {isa = PBXFileReference; explicitFileType = "wrapper.app-extension"; includeInIndex = 0; path = shareExtension.appex; sourceTree = BUILT_PRODUCTS_DIR; };
		C66419B220175DF000EFB204 /* ShareViewController.swift */ = {isa = PBXFileReference; lastKnownFileType = sourcecode.swift; path = ShareViewController.swift; sourceTree = "<group>"; };
		C66419B520175DF000EFB204 /* Base */ = {isa = PBXFileReference; lastKnownFileType = file.storyboard; name = Base; path = Base.lproj/MainInterface.storyboard; sourceTree = "<group>"; };
		C66419B720175DF000EFB204 /* Info.plist */ = {isa = PBXFileReference; lastKnownFileType = text.plist.xml; path = Info.plist; sourceTree = "<group>"; };
		C66419BE20175DFE00EFB204 /* shareExtension.entitlements */ = {isa = PBXFileReference; lastKnownFileType = text.plist.entitlements; path = shareExtension.entitlements; sourceTree = "<group>"; };
		C6780F5F202F2E730072B7D0 /* HSViewController.swift */ = {isa = PBXFileReference; lastKnownFileType = sourcecode.swift; path = HSViewController.swift; sourceTree = "<group>"; };
		C696D592C97558268DAEC6A5 /* Pods_HealthSourceUITests.framework */ = {isa = PBXFileReference; explicitFileType = wrapper.framework; includeInIndex = 0; path = Pods_HealthSourceUITests.framework; sourceTree = BUILT_PRODUCTS_DIR; };
		C6B7854D1F79739800BB33E9 /* HealthSource.app */ = {isa = PBXFileReference; explicitFileType = wrapper.application; includeInIndex = 0; path = HealthSource.app; sourceTree = BUILT_PRODUCTS_DIR; };
		C6B785501F79739800BB33E9 /* AppDelegate.swift */ = {isa = PBXFileReference; lastKnownFileType = sourcecode.swift; path = AppDelegate.swift; sourceTree = "<group>"; };
		C6B785551F79739800BB33E9 /* Base */ = {isa = PBXFileReference; lastKnownFileType = file.storyboard; name = Base; path = Base.lproj/Main.storyboard; sourceTree = "<group>"; };
		C6B785581F79739800BB33E9 /* HealthSource.xcdatamodel */ = {isa = PBXFileReference; lastKnownFileType = wrapper.xcdatamodel; path = HealthSource.xcdatamodel; sourceTree = "<group>"; };
		C6B7855A1F79739800BB33E9 /* Assets.xcassets */ = {isa = PBXFileReference; lastKnownFileType = folder.assetcatalog; path = Assets.xcassets; sourceTree = "<group>"; };
		C6B7855D1F79739800BB33E9 /* Base */ = {isa = PBXFileReference; lastKnownFileType = file.storyboard; name = Base; path = Base.lproj/LaunchScreen.storyboard; sourceTree = "<group>"; };
		C6B7855F1F79739800BB33E9 /* Info.plist */ = {isa = PBXFileReference; lastKnownFileType = text.plist.xml; path = Info.plist; sourceTree = "<group>"; };
		C6B785641F79739800BB33E9 /* HealthSourceTests.xctest */ = {isa = PBXFileReference; explicitFileType = wrapper.cfbundle; includeInIndex = 0; path = HealthSourceTests.xctest; sourceTree = BUILT_PRODUCTS_DIR; };
		C6B785681F79739800BB33E9 /* HealthSourceTests.swift */ = {isa = PBXFileReference; lastKnownFileType = sourcecode.swift; path = HealthSourceTests.swift; sourceTree = "<group>"; };
		C6B7856A1F79739800BB33E9 /* Info.plist */ = {isa = PBXFileReference; lastKnownFileType = text.plist.xml; path = Info.plist; sourceTree = "<group>"; };
		C6B7856F1F79739800BB33E9 /* HealthSourceUITests.xctest */ = {isa = PBXFileReference; explicitFileType = wrapper.cfbundle; includeInIndex = 0; path = HealthSourceUITests.xctest; sourceTree = BUILT_PRODUCTS_DIR; };
		C6B785731F79739800BB33E9 /* HealthSourceUITests.swift */ = {isa = PBXFileReference; lastKnownFileType = sourcecode.swift; path = HealthSourceUITests.swift; sourceTree = "<group>"; };
		C6B785751F79739800BB33E9 /* Info.plist */ = {isa = PBXFileReference; lastKnownFileType = text.plist.xml; path = Info.plist; sourceTree = "<group>"; };
		C6B8C22C202BE4CB00C6F5D4 /* DropBoxManager.swift */ = {isa = PBXFileReference; lastKnownFileType = sourcecode.swift; path = DropBoxManager.swift; sourceTree = "<group>"; };
		C6C9FE5A2030835300A0AD94 /* HSAppManager.swift */ = {isa = PBXFileReference; lastKnownFileType = sourcecode.swift; path = HSAppManager.swift; sourceTree = "<group>"; };
		C6C9FE5D203084D200A0AD94 /* HSUserDefaults.swift */ = {isa = PBXFileReference; lastKnownFileType = sourcecode.swift; path = HSUserDefaults.swift; sourceTree = "<group>"; };
		C6C9FE6020308A2800A0AD94 /* HSQueryAnchoreDicionary.swift */ = {isa = PBXFileReference; lastKnownFileType = sourcecode.swift; path = HSQueryAnchoreDicionary.swift; sourceTree = "<group>"; };
		C6C9FE63203097D700A0AD94 /* HSPersistentStore.swift */ = {isa = PBXFileReference; lastKnownFileType = sourcecode.swift; path = HSPersistentStore.swift; sourceTree = "<group>"; };
		C6F1785E202EDFF1000E9275 /* HSDate.swift */ = {isa = PBXFileReference; lastKnownFileType = sourcecode.swift; path = HSDate.swift; sourceTree = "<group>"; };
		C6F17861202EF37B000E9275 /* HSDateRange.swift */ = {isa = PBXFileReference; lastKnownFileType = sourcecode.swift; path = HSDateRange.swift; sourceTree = "<group>"; };
		C6F17865202EFA4D000E9275 /* DateRangeViewController.swift */ = {isa = PBXFileReference; lastKnownFileType = sourcecode.swift; path = DateRangeViewController.swift; sourceTree = "<group>"; };
		C6F1786E202EFD85000E9275 /* DatePickerTableViewCell.swift */ = {isa = PBXFileReference; fileEncoding = 4; lastKnownFileType = sourcecode.swift; path = DatePickerTableViewCell.swift; sourceTree = "<group>"; };
		C6F1786F202EFD85000E9275 /* PickerTableViewCell.swift */ = {isa = PBXFileReference; fileEncoding = 4; lastKnownFileType = sourcecode.swift; path = PickerTableViewCell.swift; sourceTree = "<group>"; };
		CFAF851D2D3F2A7C2AB6414D /* Pods-HealthSourceTests.debug.xcconfig */ = {isa = PBXFileReference; includeInIndex = 1; lastKnownFileType = text.xcconfig; name = "Pods-HealthSourceTests.debug.xcconfig"; path = "Pods/Target Support Files/Pods-HealthSourceTests/Pods-HealthSourceTests.debug.xcconfig"; sourceTree = "<group>"; };
		F233B39594F075075E066164 /* Pods_HealthSource.framework */ = {isa = PBXFileReference; explicitFileType = wrapper.framework; includeInIndex = 0; path = Pods_HealthSource.framework; sourceTree = BUILT_PRODUCTS_DIR; };
/* End PBXFileReference section */

/* Begin PBXFrameworksBuildPhase section */
		C66419AD20175DF000EFB204 /* Frameworks */ = {
			isa = PBXFrameworksBuildPhase;
			buildActionMask = 2147483647;
			files = (
				CF63F0A9038DF69B58AA45AA /* Pods_shareExtension.framework in Frameworks */,
			);
			runOnlyForDeploymentPostprocessing = 0;
		};
		C6B7854A1F79739800BB33E9 /* Frameworks */ = {
			isa = PBXFrameworksBuildPhase;
			buildActionMask = 2147483647;
			files = (
				C61BAEB71F8149EF00593580 /* HealthKit.framework in Frameworks */,
				4995667B9453C32E27721C02 /* Pods_HealthSource.framework in Frameworks */,
			);
			runOnlyForDeploymentPostprocessing = 0;
		};
		C6B785611F79739800BB33E9 /* Frameworks */ = {
			isa = PBXFrameworksBuildPhase;
			buildActionMask = 2147483647;
			files = (
				ADE5B739998D4DB38E373E42 /* Pods_HealthSourceTests.framework in Frameworks */,
			);
			runOnlyForDeploymentPostprocessing = 0;
		};
		C6B7856C1F79739800BB33E9 /* Frameworks */ = {
			isa = PBXFrameworksBuildPhase;
			buildActionMask = 2147483647;
			files = (
				C0417CAACD1F3CAFB03F3C20 /* Pods_HealthSourceUITests.framework in Frameworks */,
			);
			runOnlyForDeploymentPostprocessing = 0;
		};
/* End PBXFrameworksBuildPhase section */

/* Begin PBXGroup section */
		C61BAEB51F8149EF00593580 /* Frameworks */ = {
			isa = PBXGroup;
			children = (
				C61BAEB61F8149EF00593580 /* HealthKit.framework */,
				F233B39594F075075E066164 /* Pods_HealthSource.framework */,
				0B4DDAC0BD51CE3B1041A0C2 /* Pods_HealthSourceTests.framework */,
				C696D592C97558268DAEC6A5 /* Pods_HealthSourceUITests.framework */,
				47970E880A678745053F7215 /* Pods_shareExtension.framework */,
			);
			name = Frameworks;
			sourceTree = "<group>";
		};
		C61CBF8F2021E8D600CD75F1 /* configuration */ = {
			isa = PBXGroup;
			children = (
				C61CBF902021E8F200CD75F1 /* Configuration.swift */,
			);
			path = configuration;
			sourceTree = "<group>";
		};
		C6347F9720335C0E008F5DF6 /* Share */ = {
			isa = PBXGroup;
			children = (
				C6347F9820335C0E008F5DF6 /* ShareViewController.swift */,
			);
			path = Share;
			sourceTree = "<group>";
		};
		C6347F9A2033E00A008F5DF6 /* DropboxUpload */ = {
			isa = PBXGroup;
			children = (
				C6347F9B2033E00A008F5DF6 /* DropboxUploadViewController.swift */,
			);
			path = DropboxUpload;
			sourceTree = "<group>";
		};
		C6347F9C2033E00A008F5DF6 /* DropboxDownload */ = {
			isa = PBXGroup;
			children = (
				C6347F9D2033E00A008F5DF6 /* DropboxDownloadVIewController.swift */,
			);
			path = DropboxDownload;
			sourceTree = "<group>";
		};
		C66419B120175DF000EFB204 /* shareExtension */ = {
			isa = PBXGroup;
			children = (
				C66419BE20175DFE00EFB204 /* shareExtension.entitlements */,
				C66419B220175DF000EFB204 /* ShareViewController.swift */,
				C66419B420175DF000EFB204 /* MainInterface.storyboard */,
				C66419B720175DF000EFB204 /* Info.plist */,
			);
			path = shareExtension;
			sourceTree = "<group>";
		};
		C6B785441F79739800BB33E9 = {
			isa = PBXGroup;
			children = (
				C6B7854F1F79739800BB33E9 /* HealthSource */,
				C6B785671F79739800BB33E9 /* HealthSourceTests */,
				C6B785721F79739800BB33E9 /* HealthSourceUITests */,
				C66419B120175DF000EFB204 /* shareExtension */,
				C6B7854E1F79739800BB33E9 /* Products */,
				C61BAEB51F8149EF00593580 /* Frameworks */,
				ED1C7BD808B7513F76A3CB0E /* Pods */,
			);
			sourceTree = "<group>";
		};
		C6B7854E1F79739800BB33E9 /* Products */ = {
			isa = PBXGroup;
			children = (
				C6B7854D1F79739800BB33E9 /* HealthSource.app */,
				C6B785641F79739800BB33E9 /* HealthSourceTests.xctest */,
				C6B7856F1F79739800BB33E9 /* HealthSourceUITests.xctest */,
				C66419B020175DF000EFB204 /* shareExtension.appex */,
			);
			name = Products;
			sourceTree = "<group>";
		};
		C6B7854F1F79739800BB33E9 /* HealthSource */ = {
			isa = PBXGroup;
			children = (
				C6F17864202EFA2C000E9275 /* DateRange */,
				C6F1785D202EDFC3000E9275 /* Common */,
				C6B8C22B202BE49D00C6F5D4 /* DropboxManager */,
				C61CBF8F2021E8D600CD75F1 /* configuration */,
				C61BAEB41F8149EF00593580 /* HealthSource.entitlements */,
				C6B785501F79739800BB33E9 /* AppDelegate.swift */,
				C659303620186DC3004FAF92 /* FileUtitlity.swift */,
				C6347F9A2033E00A008F5DF6 /* DropboxUpload */,
				C6347F9C2033E00A008F5DF6 /* DropboxDownload */,
				C6347F9720335C0E008F5DF6 /* Share */,
				C6F17858202ED01E000E9275 /* HealthKitManager */,
				C6B785541F79739800BB33E9 /* Main.storyboard */,
				C6B7855A1F79739800BB33E9 /* Assets.xcassets */,
				C6B7855C1F79739800BB33E9 /* LaunchScreen.storyboard */,
				C6B7855F1F79739800BB33E9 /* Info.plist */,
				C6B785571F79739800BB33E9 /* HealthSource.xcdatamodeld */,
			);
			path = HealthSource;
			sourceTree = "<group>";
		};
		C6B785671F79739800BB33E9 /* HealthSourceTests */ = {
			isa = PBXGroup;
			children = (
				C6B785681F79739800BB33E9 /* HealthSourceTests.swift */,
				C6B7856A1F79739800BB33E9 /* Info.plist */,
			);
			path = HealthSourceTests;
			sourceTree = "<group>";
		};
		C6B785721F79739800BB33E9 /* HealthSourceUITests */ = {
			isa = PBXGroup;
			children = (
				C6B785731F79739800BB33E9 /* HealthSourceUITests.swift */,
				C6B785751F79739800BB33E9 /* Info.plist */,
			);
			path = HealthSourceUITests;
			sourceTree = "<group>";
		};
		C6B8C22B202BE49D00C6F5D4 /* DropboxManager */ = {
			isa = PBXGroup;
			children = (
				C6B8C22C202BE4CB00C6F5D4 /* DropBoxManager.swift */,
			);
			path = DropboxManager;
			sourceTree = "<group>";
		};
		C6F17858202ED01E000E9275 /* HealthKitManager */ = {
			isa = PBXGroup;
			children = (
				C61BAEAE1F81280800593580 /* HealthKtiManager.swift */,
				C61BAEB01F81348400593580 /* HealthKitManger+AllDataTypes.swift */,
			);
			path = HealthKitManager;
			sourceTree = "<group>";
		};
		C6F1785D202EDFC3000E9275 /* Common */ = {
			isa = PBXGroup;
			children = (
				C6F1785E202EDFF1000E9275 /* HSDate.swift */,
				C626879F20313BB200B18AC8 /* HSAlert.swift */,
				C6C9FE63203097D700A0AD94 /* HSPersistentStore.swift */,
				C6F17861202EF37B000E9275 /* HSDateRange.swift */,
				C6780F5F202F2E730072B7D0 /* HSViewController.swift */,
				C6C9FE5A2030835300A0AD94 /* HSAppManager.swift */,
				C6C9FE5D203084D200A0AD94 /* HSUserDefaults.swift */,
				C6C9FE6020308A2800A0AD94 /* HSQueryAnchoreDicionary.swift */,
			);
			path = Common;
			sourceTree = "<group>";
		};
		C6F17864202EFA2C000E9275 /* DateRange */ = {
			isa = PBXGroup;
			children = (
				C6F17865202EFA4D000E9275 /* DateRangeViewController.swift */,
				C6F1786E202EFD85000E9275 /* DatePickerTableViewCell.swift */,
				C6F1786F202EFD85000E9275 /* PickerTableViewCell.swift */,
			);
			path = DateRange;
			sourceTree = "<group>";
		};
		ED1C7BD808B7513F76A3CB0E /* Pods */ = {
			isa = PBXGroup;
			children = (
				BDED3DB00024057EFF1565AA /* Pods-HealthSource.debug.xcconfig */,
				953AD503BDEB50CFBAEE5F6C /* Pods-HealthSource.release.xcconfig */,
				CFAF851D2D3F2A7C2AB6414D /* Pods-HealthSourceTests.debug.xcconfig */,
				1824705FB8325B946AD8094D /* Pods-HealthSourceTests.release.xcconfig */,
				568364DD0AC378E09C2C8E80 /* Pods-HealthSourceUITests.debug.xcconfig */,
				357EEF37D53047FD5F71A932 /* Pods-HealthSourceUITests.release.xcconfig */,
				7B2B07A019F499C7D730FBD3 /* Pods-shareExtension.debug.xcconfig */,
				B8EC8D632EDAAC4CB8A002FB /* Pods-shareExtension.release.xcconfig */,
			);
			name = Pods;
			sourceTree = "<group>";
		};
/* End PBXGroup section */

/* Begin PBXNativeTarget section */
		C66419AF20175DF000EFB204 /* shareExtension */ = {
			isa = PBXNativeTarget;
			buildConfigurationList = C66419BB20175DF000EFB204 /* Build configuration list for PBXNativeTarget "shareExtension" */;
			buildPhases = (
				334C51AD4AB00D06056814CE /* [CP] Check Pods Manifest.lock */,
				C66419AC20175DF000EFB204 /* Sources */,
				C66419AD20175DF000EFB204 /* Frameworks */,
				C66419AE20175DF000EFB204 /* Resources */,
			);
			buildRules = (
			);
			dependencies = (
			);
			name = shareExtension;
			productName = shareExtension;
			productReference = C66419B020175DF000EFB204 /* shareExtension.appex */;
			productType = "com.apple.product-type.app-extension";
		};
		C6B7854C1F79739800BB33E9 /* HealthSource */ = {
			isa = PBXNativeTarget;
			buildConfigurationList = C6B785781F79739800BB33E9 /* Build configuration list for PBXNativeTarget "HealthSource" */;
			buildPhases = (
				A5BAF7AF3FB4A60670A130DD /* [CP] Check Pods Manifest.lock */,
				C6B785491F79739800BB33E9 /* Sources */,
				C6B7854A1F79739800BB33E9 /* Frameworks */,
				C6B7854B1F79739800BB33E9 /* Resources */,
				C68F6F9D201715F2004B40B6 /* Embed App Extensions */,
				ECFF0C8E0C7E32038CE807EC /* [CP] Embed Pods Frameworks */,
			);
			buildRules = (
			);
			dependencies = (
				C659303520186CD2004FAF92 /* PBXTargetDependency */,
			);
			name = HealthSource;
			productName = HealthSource;
			productReference = C6B7854D1F79739800BB33E9 /* HealthSource.app */;
			productType = "com.apple.product-type.application";
		};
		C6B785631F79739800BB33E9 /* HealthSourceTests */ = {
			isa = PBXNativeTarget;
			buildConfigurationList = C6B7857B1F79739800BB33E9 /* Build configuration list for PBXNativeTarget "HealthSourceTests" */;
			buildPhases = (
				BEB792CD4ED2EDF1B46552E7 /* [CP] Check Pods Manifest.lock */,
				C6B785601F79739800BB33E9 /* Sources */,
				C6B785611F79739800BB33E9 /* Frameworks */,
				C6B785621F79739800BB33E9 /* Resources */,
			);
			buildRules = (
			);
			dependencies = (
				C6B785661F79739800BB33E9 /* PBXTargetDependency */,
			);
			name = HealthSourceTests;
			productName = HealthSourceTests;
			productReference = C6B785641F79739800BB33E9 /* HealthSourceTests.xctest */;
			productType = "com.apple.product-type.bundle.unit-test";
		};
		C6B7856E1F79739800BB33E9 /* HealthSourceUITests */ = {
			isa = PBXNativeTarget;
			buildConfigurationList = C6B7857E1F79739800BB33E9 /* Build configuration list for PBXNativeTarget "HealthSourceUITests" */;
			buildPhases = (
				F74D545D9964D1F21B141C9E /* [CP] Check Pods Manifest.lock */,
				C6B7856B1F79739800BB33E9 /* Sources */,
				C6B7856C1F79739800BB33E9 /* Frameworks */,
				C6B7856D1F79739800BB33E9 /* Resources */,
			);
			buildRules = (
			);
			dependencies = (
				C6B785711F79739800BB33E9 /* PBXTargetDependency */,
			);
			name = HealthSourceUITests;
			productName = HealthSourceUITests;
			productReference = C6B7856F1F79739800BB33E9 /* HealthSourceUITests.xctest */;
			productType = "com.apple.product-type.bundle.ui-testing";
		};
/* End PBXNativeTarget section */

/* Begin PBXProject section */
		C6B785451F79739800BB33E9 /* Project object */ = {
			isa = PBXProject;
			attributes = {
				LastSwiftUpdateCheck = 0920;
				LastUpgradeCheck = 0900;
				ORGANIZATIONNAME = Tamilarasu;
				TargetAttributes = {
					C66419AF20175DF000EFB204 = {
						CreatedOnToolsVersion = 9.2;
						ProvisioningStyle = Manual;
						SystemCapabilities = {
							com.apple.ApplicationGroups.iOS = {
								enabled = 1;
							};
						};
					};
					C6B7854C1F79739800BB33E9 = {
						CreatedOnToolsVersion = 9.0;
						ProvisioningStyle = Manual;
						SystemCapabilities = {
							com.apple.ApplicationGroups.iOS = {
								enabled = 1;
							};
							com.apple.HealthKit = {
								enabled = 1;
							};
						};
					};
					C6B785631F79739800BB33E9 = {
						CreatedOnToolsVersion = 9.0;
						ProvisioningStyle = Automatic;
						TestTargetID = C6B7854C1F79739800BB33E9;
					};
					C6B7856E1F79739800BB33E9 = {
						CreatedOnToolsVersion = 9.0;
						ProvisioningStyle = Automatic;
						TestTargetID = C6B7854C1F79739800BB33E9;
					};
				};
			};
			buildConfigurationList = C6B785481F79739800BB33E9 /* Build configuration list for PBXProject "HealthSource" */;
			compatibilityVersion = "Xcode 8.0";
			developmentRegion = en;
			hasScannedForEncodings = 0;
			knownRegions = (
				en,
				Base,
			);
			mainGroup = C6B785441F79739800BB33E9;
			productRefGroup = C6B7854E1F79739800BB33E9 /* Products */;
			projectDirPath = "";
			projectRoot = "";
			targets = (
				C6B7854C1F79739800BB33E9 /* HealthSource */,
				C6B785631F79739800BB33E9 /* HealthSourceTests */,
				C6B7856E1F79739800BB33E9 /* HealthSourceUITests */,
				C66419AF20175DF000EFB204 /* shareExtension */,
			);
		};
/* End PBXProject section */

/* Begin PBXResourcesBuildPhase section */
		C66419AE20175DF000EFB204 /* Resources */ = {
			isa = PBXResourcesBuildPhase;
			buildActionMask = 2147483647;
			files = (
				C66419B620175DF000EFB204 /* MainInterface.storyboard in Resources */,
			);
			runOnlyForDeploymentPostprocessing = 0;
		};
		C6B7854B1F79739800BB33E9 /* Resources */ = {
			isa = PBXResourcesBuildPhase;
			buildActionMask = 2147483647;
			files = (
				C6B7855E1F79739800BB33E9 /* LaunchScreen.storyboard in Resources */,
				C6B7855B1F79739800BB33E9 /* Assets.xcassets in Resources */,
				C6B785561F79739800BB33E9 /* Main.storyboard in Resources */,
			);
			runOnlyForDeploymentPostprocessing = 0;
		};
		C6B785621F79739800BB33E9 /* Resources */ = {
			isa = PBXResourcesBuildPhase;
			buildActionMask = 2147483647;
			files = (
			);
			runOnlyForDeploymentPostprocessing = 0;
		};
		C6B7856D1F79739800BB33E9 /* Resources */ = {
			isa = PBXResourcesBuildPhase;
			buildActionMask = 2147483647;
			files = (
			);
			runOnlyForDeploymentPostprocessing = 0;
		};
/* End PBXResourcesBuildPhase section */

/* Begin PBXShellScriptBuildPhase section */
		334C51AD4AB00D06056814CE /* [CP] Check Pods Manifest.lock */ = {
			isa = PBXShellScriptBuildPhase;
			buildActionMask = 2147483647;
			files = (
			);
			inputPaths = (
				"${PODS_PODFILE_DIR_PATH}/Podfile.lock",
				"${PODS_ROOT}/Manifest.lock",
			);
			name = "[CP] Check Pods Manifest.lock";
			outputPaths = (
				"$(DERIVED_FILE_DIR)/Pods-shareExtension-checkManifestLockResult.txt",
			);
			runOnlyForDeploymentPostprocessing = 0;
			shellPath = /bin/sh;
			shellScript = "diff \"${PODS_PODFILE_DIR_PATH}/Podfile.lock\" \"${PODS_ROOT}/Manifest.lock\" > /dev/null\nif [ $? != 0 ] ; then\n    # print error to STDERR\n    echo \"error: The sandbox is not in sync with the Podfile.lock. Run 'pod install' or update your CocoaPods installation.\" >&2\n    exit 1\nfi\n# This output is used by Xcode 'outputs' to avoid re-running this script phase.\necho \"SUCCESS\" > \"${SCRIPT_OUTPUT_FILE_0}\"\n";
			showEnvVarsInLog = 0;
		};
		A5BAF7AF3FB4A60670A130DD /* [CP] Check Pods Manifest.lock */ = {
			isa = PBXShellScriptBuildPhase;
			buildActionMask = 2147483647;
			files = (
			);
			inputPaths = (
				"${PODS_PODFILE_DIR_PATH}/Podfile.lock",
				"${PODS_ROOT}/Manifest.lock",
			);
			name = "[CP] Check Pods Manifest.lock";
			outputPaths = (
				"$(DERIVED_FILE_DIR)/Pods-HealthSource-checkManifestLockResult.txt",
			);
			runOnlyForDeploymentPostprocessing = 0;
			shellPath = /bin/sh;
			shellScript = "diff \"${PODS_PODFILE_DIR_PATH}/Podfile.lock\" \"${PODS_ROOT}/Manifest.lock\" > /dev/null\nif [ $? != 0 ] ; then\n    # print error to STDERR\n    echo \"error: The sandbox is not in sync with the Podfile.lock. Run 'pod install' or update your CocoaPods installation.\" >&2\n    exit 1\nfi\n# This output is used by Xcode 'outputs' to avoid re-running this script phase.\necho \"SUCCESS\" > \"${SCRIPT_OUTPUT_FILE_0}\"\n";
			showEnvVarsInLog = 0;
		};
		BEB792CD4ED2EDF1B46552E7 /* [CP] Check Pods Manifest.lock */ = {
			isa = PBXShellScriptBuildPhase;
			buildActionMask = 2147483647;
			files = (
			);
			inputPaths = (
				"${PODS_PODFILE_DIR_PATH}/Podfile.lock",
				"${PODS_ROOT}/Manifest.lock",
			);
			name = "[CP] Check Pods Manifest.lock";
			outputPaths = (
				"$(DERIVED_FILE_DIR)/Pods-HealthSourceTests-checkManifestLockResult.txt",
			);
			runOnlyForDeploymentPostprocessing = 0;
			shellPath = /bin/sh;
			shellScript = "diff \"${PODS_PODFILE_DIR_PATH}/Podfile.lock\" \"${PODS_ROOT}/Manifest.lock\" > /dev/null\nif [ $? != 0 ] ; then\n    # print error to STDERR\n    echo \"error: The sandbox is not in sync with the Podfile.lock. Run 'pod install' or update your CocoaPods installation.\" >&2\n    exit 1\nfi\n# This output is used by Xcode 'outputs' to avoid re-running this script phase.\necho \"SUCCESS\" > \"${SCRIPT_OUTPUT_FILE_0}\"\n";
			showEnvVarsInLog = 0;
		};
		ECFF0C8E0C7E32038CE807EC /* [CP] Embed Pods Frameworks */ = {
			isa = PBXShellScriptBuildPhase;
			buildActionMask = 2147483647;
			files = (
			);
			inputPaths = (
				"${PODS_ROOT}/Target Support Files/Pods-HealthSource/Pods-HealthSource-frameworks.sh",
				"${BUILT_PRODUCTS_DIR}/Alamofire/Alamofire.framework",
				"${BUILT_PRODUCTS_DIR}/NVActivityIndicatorView/NVActivityIndicatorView.framework",
				"${BUILT_PRODUCTS_DIR}/ReachabilitySwift/Reachability.framework",
				"${BUILT_PRODUCTS_DIR}/SSZipArchive/SSZipArchive.framework",
				"${BUILT_PRODUCTS_DIR}/SwiftyDropbox/SwiftyDropbox.framework",
			);
			name = "[CP] Embed Pods Frameworks";
			outputPaths = (
				"${TARGET_BUILD_DIR}/${FRAMEWORKS_FOLDER_PATH}/Alamofire.framework",
				"${TARGET_BUILD_DIR}/${FRAMEWORKS_FOLDER_PATH}/NVActivityIndicatorView.framework",
				"${TARGET_BUILD_DIR}/${FRAMEWORKS_FOLDER_PATH}/Reachability.framework",
				"${TARGET_BUILD_DIR}/${FRAMEWORKS_FOLDER_PATH}/SSZipArchive.framework",
				"${TARGET_BUILD_DIR}/${FRAMEWORKS_FOLDER_PATH}/SwiftyDropbox.framework",
			);
			runOnlyForDeploymentPostprocessing = 0;
			shellPath = /bin/sh;
			shellScript = "\"${PODS_ROOT}/Target Support Files/Pods-HealthSource/Pods-HealthSource-frameworks.sh\"\n";
			showEnvVarsInLog = 0;
		};
		F74D545D9964D1F21B141C9E /* [CP] Check Pods Manifest.lock */ = {
			isa = PBXShellScriptBuildPhase;
			buildActionMask = 2147483647;
			files = (
			);
			inputPaths = (
				"${PODS_PODFILE_DIR_PATH}/Podfile.lock",
				"${PODS_ROOT}/Manifest.lock",
			);
			name = "[CP] Check Pods Manifest.lock";
			outputPaths = (
				"$(DERIVED_FILE_DIR)/Pods-HealthSourceUITests-checkManifestLockResult.txt",
			);
			runOnlyForDeploymentPostprocessing = 0;
			shellPath = /bin/sh;
			shellScript = "diff \"${PODS_PODFILE_DIR_PATH}/Podfile.lock\" \"${PODS_ROOT}/Manifest.lock\" > /dev/null\nif [ $? != 0 ] ; then\n    # print error to STDERR\n    echo \"error: The sandbox is not in sync with the Podfile.lock. Run 'pod install' or update your CocoaPods installation.\" >&2\n    exit 1\nfi\n# This output is used by Xcode 'outputs' to avoid re-running this script phase.\necho \"SUCCESS\" > \"${SCRIPT_OUTPUT_FILE_0}\"\n";
			showEnvVarsInLog = 0;
		};
/* End PBXShellScriptBuildPhase section */

/* Begin PBXSourcesBuildPhase section */
		C66419AC20175DF000EFB204 /* Sources */ = {
			isa = PBXSourcesBuildPhase;
			buildActionMask = 2147483647;
			files = (
				C6F17863202EF37B000E9275 /* HSDateRange.swift in Sources */,
				C62687A120313BB200B18AC8 /* HSAlert.swift in Sources */,
				C6F17860202EDFF1000E9275 /* HSDate.swift in Sources */,
				C6F17867202EFA4D000E9275 /* DateRangeViewController.swift in Sources */,
				C66419B320175DF000EFB204 /* ShareViewController.swift in Sources */,
				C61CBF942021E8F200CD75F1 /* Configuration.swift in Sources */,
				C6F17873202EFD85000E9275 /* PickerTableViewCell.swift in Sources */,
				C6F17871202EFD85000E9275 /* DatePickerTableViewCell.swift in Sources */,
				C659303820186DC3004FAF92 /* FileUtitlity.swift in Sources */,
			);
			runOnlyForDeploymentPostprocessing = 0;
		};
		C6B785491F79739800BB33E9 /* Sources */ = {
			isa = PBXSourcesBuildPhase;
			buildActionMask = 2147483647;
			files = (
				C6B785591F79739800BB33E9 /* HealthSource.xcdatamodeld in Sources */,
				C659303720186DC3004FAF92 /* FileUtitlity.swift in Sources */,
				C6347F9920335C0E008F5DF6 /* ShareViewController.swift in Sources */,
				C6780F60202F2E730072B7D0 /* HSViewController.swift in Sources */,
				C6F17866202EFA4D000E9275 /* DateRangeViewController.swift in Sources */,
				C6347F9E2033E00B008F5DF6 /* DropboxUploadViewController.swift in Sources */,
				C62687A020313BB200B18AC8 /* HSAlert.swift in Sources */,
				C6347F9F2033E00B008F5DF6 /* DropboxDownloadVIewController.swift in Sources */,
				C6C9FE5E203084D200A0AD94 /* HSUserDefaults.swift in Sources */,
				C61CBF912021E8F200CD75F1 /* Configuration.swift in Sources */,
				C6F17862202EF37B000E9275 /* HSDateRange.swift in Sources */,
				C6C9FE64203097D700A0AD94 /* HSPersistentStore.swift in Sources */,
				C6B8C22D202BE4CB00C6F5D4 /* DropBoxManager.swift in Sources */,
				C6F17872202EFD85000E9275 /* PickerTableViewCell.swift in Sources */,
				C61BAEAF1F81280800593580 /* HealthKtiManager.swift in Sources */,
				C61BAEB11F81348400593580 /* HealthKitManger+AllDataTypes.swift in Sources */,
				C6F1785F202EDFF1000E9275 /* HSDate.swift in Sources */,
				C6C9FE5B2030835300A0AD94 /* HSAppManager.swift in Sources */,
				C6F17870202EFD85000E9275 /* DatePickerTableViewCell.swift in Sources */,
				C6C9FE6120308A2800A0AD94 /* HSQueryAnchoreDicionary.swift in Sources */,
				C6B785511F79739800BB33E9 /* AppDelegate.swift in Sources */,
			);
			runOnlyForDeploymentPostprocessing = 0;
		};
		C6B785601F79739800BB33E9 /* Sources */ = {
			isa = PBXSourcesBuildPhase;
			buildActionMask = 2147483647;
			files = (
				C6B785691F79739800BB33E9 /* HealthSourceTests.swift in Sources */,
				C61CBF922021E8F200CD75F1 /* Configuration.swift in Sources */,
			);
			runOnlyForDeploymentPostprocessing = 0;
		};
		C6B7856B1F79739800BB33E9 /* Sources */ = {
			isa = PBXSourcesBuildPhase;
			buildActionMask = 2147483647;
			files = (
				C6B785741F79739800BB33E9 /* HealthSourceUITests.swift in Sources */,
				C61CBF932021E8F200CD75F1 /* Configuration.swift in Sources */,
			);
			runOnlyForDeploymentPostprocessing = 0;
		};
/* End PBXSourcesBuildPhase section */

/* Begin PBXTargetDependency section */
		C659303520186CD2004FAF92 /* PBXTargetDependency */ = {
			isa = PBXTargetDependency;
			target = C66419AF20175DF000EFB204 /* shareExtension */;
			targetProxy = C659303420186CD2004FAF92 /* PBXContainerItemProxy */;
		};
		C6B785661F79739800BB33E9 /* PBXTargetDependency */ = {
			isa = PBXTargetDependency;
			target = C6B7854C1F79739800BB33E9 /* HealthSource */;
			targetProxy = C6B785651F79739800BB33E9 /* PBXContainerItemProxy */;
		};
		C6B785711F79739800BB33E9 /* PBXTargetDependency */ = {
			isa = PBXTargetDependency;
			target = C6B7854C1F79739800BB33E9 /* HealthSource */;
			targetProxy = C6B785701F79739800BB33E9 /* PBXContainerItemProxy */;
		};
/* End PBXTargetDependency section */

/* Begin PBXVariantGroup section */
		C66419B420175DF000EFB204 /* MainInterface.storyboard */ = {
			isa = PBXVariantGroup;
			children = (
				C66419B520175DF000EFB204 /* Base */,
			);
			name = MainInterface.storyboard;
			sourceTree = "<group>";
		};
		C6B785541F79739800BB33E9 /* Main.storyboard */ = {
			isa = PBXVariantGroup;
			children = (
				C6B785551F79739800BB33E9 /* Base */,
			);
			name = Main.storyboard;
			sourceTree = "<group>";
		};
		C6B7855C1F79739800BB33E9 /* LaunchScreen.storyboard */ = {
			isa = PBXVariantGroup;
			children = (
				C6B7855D1F79739800BB33E9 /* Base */,
			);
			name = LaunchScreen.storyboard;
			sourceTree = "<group>";
		};
/* End PBXVariantGroup section */

/* Begin XCBuildConfiguration section */
		C66419BC20175DF000EFB204 /* Debug */ = {
			isa = XCBuildConfiguration;
			baseConfigurationReference = 7B2B07A019F499C7D730FBD3 /* Pods-shareExtension.debug.xcconfig */;
			buildSettings = {
				CODE_SIGN_ENTITLEMENTS = shareExtension/shareExtension.entitlements;
				CODE_SIGN_STYLE = Manual;
				DEVELOPMENT_TEAM = JF76X6NH3V;
				INFOPLIST_FILE = shareExtension/Info.plist;
				IPHONEOS_DEPLOYMENT_TARGET = 11.0;
				LD_RUNPATH_SEARCH_PATHS = "$(inherited) @executable_path/Frameworks @executable_path/../../Frameworks";
				PRODUCT_BUNDLE_IDENTIFIER = com.rdalabs.HealthSource.shareExtension;
				PRODUCT_NAME = "$(TARGET_NAME)";
				PROVISIONING_PROFILE = "c0613984-a555-4d4c-8738-8a15d8300ad2";
				PROVISIONING_PROFILE_SPECIFIER = HealthSourceShareExtension_Dev;
				SKIP_INSTALL = YES;
				SWIFT_VERSION = 4.0;
				TARGETED_DEVICE_FAMILY = "1,2";
			};
			name = Debug;
		};
		C66419BD20175DF000EFB204 /* Release */ = {
			isa = XCBuildConfiguration;
			baseConfigurationReference = B8EC8D632EDAAC4CB8A002FB /* Pods-shareExtension.release.xcconfig */;
			buildSettings = {
				CODE_SIGN_ENTITLEMENTS = shareExtension/shareExtension.entitlements;
				CODE_SIGN_STYLE = Manual;
				DEVELOPMENT_TEAM = "";
				INFOPLIST_FILE = shareExtension/Info.plist;
				IPHONEOS_DEPLOYMENT_TARGET = 11.0;
				LD_RUNPATH_SEARCH_PATHS = "$(inherited) @executable_path/Frameworks @executable_path/../../Frameworks";
				PRODUCT_BUNDLE_IDENTIFIER = com.rdalabs.HealthSource.shareExtension;
				PRODUCT_NAME = "$(TARGET_NAME)";
				PROVISIONING_PROFILE_SPECIFIER = "";
				SKIP_INSTALL = YES;
				SWIFT_VERSION = 4.0;
				TARGETED_DEVICE_FAMILY = "1,2";
			};
			name = Release;
		};
		C6B785761F79739800BB33E9 /* Debug */ = {
			isa = XCBuildConfiguration;
			buildSettings = {
				ALWAYS_SEARCH_USER_PATHS = NO;
				CLANG_ANALYZER_NONNULL = YES;
				CLANG_ANALYZER_NUMBER_OBJECT_CONVERSION = YES_AGGRESSIVE;
				CLANG_CXX_LANGUAGE_STANDARD = "gnu++14";
				CLANG_CXX_LIBRARY = "libc++";
				CLANG_ENABLE_MODULES = YES;
				CLANG_ENABLE_OBJC_ARC = YES;
				CLANG_WARN_BLOCK_CAPTURE_AUTORELEASING = YES;
				CLANG_WARN_BOOL_CONVERSION = YES;
				CLANG_WARN_COMMA = YES;
				CLANG_WARN_CONSTANT_CONVERSION = YES;
				CLANG_WARN_DIRECT_OBJC_ISA_USAGE = YES_ERROR;
				CLANG_WARN_DOCUMENTATION_COMMENTS = YES;
				CLANG_WARN_EMPTY_BODY = YES;
				CLANG_WARN_ENUM_CONVERSION = YES;
				CLANG_WARN_INFINITE_RECURSION = YES;
				CLANG_WARN_INT_CONVERSION = YES;
				CLANG_WARN_NON_LITERAL_NULL_CONVERSION = YES;
				CLANG_WARN_OBJC_LITERAL_CONVERSION = YES;
				CLANG_WARN_OBJC_ROOT_CLASS = YES_ERROR;
				CLANG_WARN_RANGE_LOOP_ANALYSIS = YES;
				CLANG_WARN_STRICT_PROTOTYPES = YES;
				CLANG_WARN_SUSPICIOUS_MOVE = YES;
				CLANG_WARN_UNGUARDED_AVAILABILITY = YES_AGGRESSIVE;
				CLANG_WARN_UNREACHABLE_CODE = YES;
				CLANG_WARN__DUPLICATE_METHOD_MATCH = YES;
				CODE_SIGN_IDENTITY = "iPhone Developer";
				COPY_PHASE_STRIP = NO;
				DEBUG_INFORMATION_FORMAT = dwarf;
				ENABLE_STRICT_OBJC_MSGSEND = YES;
				ENABLE_TESTABILITY = YES;
				GCC_C_LANGUAGE_STANDARD = gnu11;
				GCC_DYNAMIC_NO_PIC = NO;
				GCC_NO_COMMON_BLOCKS = YES;
				GCC_OPTIMIZATION_LEVEL = 0;
				GCC_PREPROCESSOR_DEFINITIONS = (
					"DEBUG=1",
					"$(inherited)",
				);
				GCC_WARN_64_TO_32_BIT_CONVERSION = YES;
				GCC_WARN_ABOUT_RETURN_TYPE = YES_ERROR;
				GCC_WARN_UNDECLARED_SELECTOR = YES;
				GCC_WARN_UNINITIALIZED_AUTOS = YES_AGGRESSIVE;
				GCC_WARN_UNUSED_FUNCTION = YES;
				GCC_WARN_UNUSED_VARIABLE = YES;
				IPHONEOS_DEPLOYMENT_TARGET = 11.0;
				MTL_ENABLE_DEBUG_INFO = YES;
				ONLY_ACTIVE_ARCH = YES;
				SDKROOT = iphoneos;
				SWIFT_ACTIVE_COMPILATION_CONDITIONS = DEBUG;
				SWIFT_OPTIMIZATION_LEVEL = "-Onone";
			};
			name = Debug;
		};
		C6B785771F79739800BB33E9 /* Release */ = {
			isa = XCBuildConfiguration;
			buildSettings = {
				ALWAYS_SEARCH_USER_PATHS = NO;
				CLANG_ANALYZER_NONNULL = YES;
				CLANG_ANALYZER_NUMBER_OBJECT_CONVERSION = YES_AGGRESSIVE;
				CLANG_CXX_LANGUAGE_STANDARD = "gnu++14";
				CLANG_CXX_LIBRARY = "libc++";
				CLANG_ENABLE_MODULES = YES;
				CLANG_ENABLE_OBJC_ARC = YES;
				CLANG_WARN_BLOCK_CAPTURE_AUTORELEASING = YES;
				CLANG_WARN_BOOL_CONVERSION = YES;
				CLANG_WARN_COMMA = YES;
				CLANG_WARN_CONSTANT_CONVERSION = YES;
				CLANG_WARN_DIRECT_OBJC_ISA_USAGE = YES_ERROR;
				CLANG_WARN_DOCUMENTATION_COMMENTS = YES;
				CLANG_WARN_EMPTY_BODY = YES;
				CLANG_WARN_ENUM_CONVERSION = YES;
				CLANG_WARN_INFINITE_RECURSION = YES;
				CLANG_WARN_INT_CONVERSION = YES;
				CLANG_WARN_NON_LITERAL_NULL_CONVERSION = YES;
				CLANG_WARN_OBJC_LITERAL_CONVERSION = YES;
				CLANG_WARN_OBJC_ROOT_CLASS = YES_ERROR;
				CLANG_WARN_RANGE_LOOP_ANALYSIS = YES;
				CLANG_WARN_STRICT_PROTOTYPES = YES;
				CLANG_WARN_SUSPICIOUS_MOVE = YES;
				CLANG_WARN_UNGUARDED_AVAILABILITY = YES_AGGRESSIVE;
				CLANG_WARN_UNREACHABLE_CODE = YES;
				CLANG_WARN__DUPLICATE_METHOD_MATCH = YES;
				CODE_SIGN_IDENTITY = "iPhone Developer";
				COPY_PHASE_STRIP = NO;
				DEBUG_INFORMATION_FORMAT = "dwarf-with-dsym";
				ENABLE_NS_ASSERTIONS = NO;
				ENABLE_STRICT_OBJC_MSGSEND = YES;
				GCC_C_LANGUAGE_STANDARD = gnu11;
				GCC_NO_COMMON_BLOCKS = YES;
				GCC_WARN_64_TO_32_BIT_CONVERSION = YES;
				GCC_WARN_ABOUT_RETURN_TYPE = YES_ERROR;
				GCC_WARN_UNDECLARED_SELECTOR = YES;
				GCC_WARN_UNINITIALIZED_AUTOS = YES_AGGRESSIVE;
				GCC_WARN_UNUSED_FUNCTION = YES;
				GCC_WARN_UNUSED_VARIABLE = YES;
				IPHONEOS_DEPLOYMENT_TARGET = 11.0;
				MTL_ENABLE_DEBUG_INFO = NO;
				SDKROOT = iphoneos;
				SWIFT_OPTIMIZATION_LEVEL = "-Owholemodule";
				VALIDATE_PRODUCT = YES;
			};
			name = Release;
		};
		C6B785791F79739800BB33E9 /* Debug */ = {
			isa = XCBuildConfiguration;
			baseConfigurationReference = BDED3DB00024057EFF1565AA /* Pods-HealthSource.debug.xcconfig */;
			buildSettings = {
				ALWAYS_EMBED_SWIFT_STANDARD_LIBRARIES = YES;
				ASSETCATALOG_COMPILER_APPICON_NAME = AppIcon;
				CODE_SIGN_ENTITLEMENTS = HealthSource/HealthSource.entitlements;
				CODE_SIGN_IDENTITY = "";
				"CODE_SIGN_IDENTITY[sdk=iphoneos*]" = "iPhone Developer";
				CODE_SIGN_STYLE = Manual;
				DEVELOPMENT_TEAM = JF76X6NH3V;
				INFOPLIST_FILE = HealthSource/Info.plist;
				IPHONEOS_DEPLOYMENT_TARGET = 11.0;
				LD_RUNPATH_SEARCH_PATHS = "$(inherited) @executable_path/Frameworks";
				PRODUCT_BUNDLE_IDENTIFIER = com.rdalabs.HealthSource;
				PRODUCT_NAME = "$(TARGET_NAME)";
				PROVISIONING_PROFILE = "6945713f-6fd0-4647-b796-4bbca28cba63";
				PROVISIONING_PROFILE_SPECIFIER = HealthSource_Dev;
				SWIFT_VERSION = 4.0;
				TARGETED_DEVICE_FAMILY = "1,2";
			};
			name = Debug;
		};
		C6B7857A1F79739800BB33E9 /* Release */ = {
			isa = XCBuildConfiguration;
			baseConfigurationReference = 953AD503BDEB50CFBAEE5F6C /* Pods-HealthSource.release.xcconfig */;
			buildSettings = {
				ALWAYS_EMBED_SWIFT_STANDARD_LIBRARIES = YES;
				ASSETCATALOG_COMPILER_APPICON_NAME = AppIcon;
				CODE_SIGN_ENTITLEMENTS = HealthSource/HealthSource.entitlements;
				CODE_SIGN_IDENTITY = "";
				"CODE_SIGN_IDENTITY[sdk=iphoneos*]" = "iPhone Developer";
				CODE_SIGN_STYLE = Manual;
				DEVELOPMENT_TEAM = JF76X6NH3V;
				INFOPLIST_FILE = HealthSource/Info.plist;
				IPHONEOS_DEPLOYMENT_TARGET = 11.0;
				LD_RUNPATH_SEARCH_PATHS = "$(inherited) @executable_path/Frameworks";
				PRODUCT_BUNDLE_IDENTIFIER = com.rdalabs.HealthSource;
				PRODUCT_NAME = "$(TARGET_NAME)";
				PROVISIONING_PROFILE = "1a271440-052b-4f66-aa29-79d975c29d41";
				PROVISIONING_PROFILE_SPECIFIER = HealthSource_Dev;
				SWIFT_VERSION = 4.0;
				TARGETED_DEVICE_FAMILY = "1,2";
			};
			name = Release;
		};
		C6B7857C1F79739800BB33E9 /* Debug */ = {
			isa = XCBuildConfiguration;
			baseConfigurationReference = CFAF851D2D3F2A7C2AB6414D /* Pods-HealthSourceTests.debug.xcconfig */;
			buildSettings = {
				ALWAYS_EMBED_SWIFT_STANDARD_LIBRARIES = YES;
				BUNDLE_LOADER = "$(TEST_HOST)";
				CODE_SIGN_STYLE = Automatic;
				INFOPLIST_FILE = HealthSourceTests/Info.plist;
				LD_RUNPATH_SEARCH_PATHS = "$(inherited) @executable_path/Frameworks @loader_path/Frameworks";
				PRODUCT_BUNDLE_IDENTIFIER = com.iTamilan.HealthSourceTests;
				PRODUCT_NAME = "$(TARGET_NAME)";
				SWIFT_VERSION = 4.0;
				TARGETED_DEVICE_FAMILY = "1,2";
				TEST_HOST = "$(BUILT_PRODUCTS_DIR)/HealthSource.app/HealthSource";
			};
			name = Debug;
		};
		C6B7857D1F79739800BB33E9 /* Release */ = {
			isa = XCBuildConfiguration;
			baseConfigurationReference = 1824705FB8325B946AD8094D /* Pods-HealthSourceTests.release.xcconfig */;
			buildSettings = {
				ALWAYS_EMBED_SWIFT_STANDARD_LIBRARIES = YES;
				BUNDLE_LOADER = "$(TEST_HOST)";
				CODE_SIGN_STYLE = Automatic;
				INFOPLIST_FILE = HealthSourceTests/Info.plist;
				LD_RUNPATH_SEARCH_PATHS = "$(inherited) @executable_path/Frameworks @loader_path/Frameworks";
				PRODUCT_BUNDLE_IDENTIFIER = com.iTamilan.HealthSourceTests;
				PRODUCT_NAME = "$(TARGET_NAME)";
				SWIFT_VERSION = 4.0;
				TARGETED_DEVICE_FAMILY = "1,2";
				TEST_HOST = "$(BUILT_PRODUCTS_DIR)/HealthSource.app/HealthSource";
			};
			name = Release;
		};
		C6B7857F1F79739800BB33E9 /* Debug */ = {
			isa = XCBuildConfiguration;
			baseConfigurationReference = 568364DD0AC378E09C2C8E80 /* Pods-HealthSourceUITests.debug.xcconfig */;
			buildSettings = {
				ALWAYS_EMBED_SWIFT_STANDARD_LIBRARIES = YES;
				CODE_SIGN_STYLE = Automatic;
				INFOPLIST_FILE = HealthSourceUITests/Info.plist;
				LD_RUNPATH_SEARCH_PATHS = "$(inherited) @executable_path/Frameworks @loader_path/Frameworks";
				PRODUCT_BUNDLE_IDENTIFIER = com.iTamilan.HealthSourceUITests;
				PRODUCT_NAME = "$(TARGET_NAME)";
				SWIFT_VERSION = 4.0;
				TARGETED_DEVICE_FAMILY = "1,2";
				TEST_TARGET_NAME = HealthSource;
			};
			name = Debug;
		};
		C6B785801F79739800BB33E9 /* Release */ = {
			isa = XCBuildConfiguration;
			baseConfigurationReference = 357EEF37D53047FD5F71A932 /* Pods-HealthSourceUITests.release.xcconfig */;
			buildSettings = {
				ALWAYS_EMBED_SWIFT_STANDARD_LIBRARIES = YES;
				CODE_SIGN_STYLE = Automatic;
				INFOPLIST_FILE = HealthSourceUITests/Info.plist;
				LD_RUNPATH_SEARCH_PATHS = "$(inherited) @executable_path/Frameworks @loader_path/Frameworks";
				PRODUCT_BUNDLE_IDENTIFIER = com.iTamilan.HealthSourceUITests;
				PRODUCT_NAME = "$(TARGET_NAME)";
				SWIFT_VERSION = 4.0;
				TARGETED_DEVICE_FAMILY = "1,2";
				TEST_TARGET_NAME = HealthSource;
			};
			name = Release;
		};
/* End XCBuildConfiguration section */

/* Begin XCConfigurationList section */
		C66419BB20175DF000EFB204 /* Build configuration list for PBXNativeTarget "shareExtension" */ = {
			isa = XCConfigurationList;
			buildConfigurations = (
				C66419BC20175DF000EFB204 /* Debug */,
				C66419BD20175DF000EFB204 /* Release */,
			);
			defaultConfigurationIsVisible = 0;
			defaultConfigurationName = Release;
		};
		C6B785481F79739800BB33E9 /* Build configuration list for PBXProject "HealthSource" */ = {
			isa = XCConfigurationList;
			buildConfigurations = (
				C6B785761F79739800BB33E9 /* Debug */,
				C6B785771F79739800BB33E9 /* Release */,
			);
			defaultConfigurationIsVisible = 0;
			defaultConfigurationName = Release;
		};
		C6B785781F79739800BB33E9 /* Build configuration list for PBXNativeTarget "HealthSource" */ = {
			isa = XCConfigurationList;
			buildConfigurations = (
				C6B785791F79739800BB33E9 /* Debug */,
				C6B7857A1F79739800BB33E9 /* Release */,
			);
			defaultConfigurationIsVisible = 0;
			defaultConfigurationName = Release;
		};
		C6B7857B1F79739800BB33E9 /* Build configuration list for PBXNativeTarget "HealthSourceTests" */ = {
			isa = XCConfigurationList;
			buildConfigurations = (
				C6B7857C1F79739800BB33E9 /* Debug */,
				C6B7857D1F79739800BB33E9 /* Release */,
			);
			defaultConfigurationIsVisible = 0;
			defaultConfigurationName = Release;
		};
		C6B7857E1F79739800BB33E9 /* Build configuration list for PBXNativeTarget "HealthSourceUITests" */ = {
			isa = XCConfigurationList;
			buildConfigurations = (
				C6B7857F1F79739800BB33E9 /* Debug */,
				C6B785801F79739800BB33E9 /* Release */,
			);
			defaultConfigurationIsVisible = 0;
			defaultConfigurationName = Release;
		};
/* End XCConfigurationList section */

/* Begin XCVersionGroup section */
		C6B785571F79739800BB33E9 /* HealthSource.xcdatamodeld */ = {
			isa = XCVersionGroup;
			children = (
				C6B785581F79739800BB33E9 /* HealthSource.xcdatamodel */,
			);
			currentVersion = C6B785581F79739800BB33E9 /* HealthSource.xcdatamodel */;
			path = HealthSource.xcdatamodeld;
			sourceTree = "<group>";
			versionGroupType = wrapper.xcdatamodel;
		};
/* End XCVersionGroup section */
	};
	rootObject = C6B785451F79739800BB33E9 /* Project object */;
}
